// !$*UTF8*$!
{
	archiveVersion = 1;
	classes = {
	};
	objectVersion = 50;
	objects = {

/* Begin PBXBuildFile section */
		30ACF6BE20F7429F00F66225 /* AppDelegate.m in Sources */ = {isa = PBXBuildFile; fileRef = 30ACF6BD20F7429F00F66225 /* AppDelegate.m */; };
		30ACF6C120F7429F00F66225 /* ViewController.m in Sources */ = {isa = PBXBuildFile; fileRef = 30ACF6C020F7429F00F66225 /* ViewController.m */; };
		30ACF6C320F742A100F66225 /* Assets.xcassets in Resources */ = {isa = PBXBuildFile; fileRef = 30ACF6C220F742A100F66225 /* Assets.xcassets */; };
		30ACF6C620F742A100F66225 /* Main.storyboard in Resources */ = {isa = PBXBuildFile; fileRef = 30ACF6C420F742A100F66225 /* Main.storyboard */; };
		30ACF6C920F742A100F66225 /* main.m in Sources */ = {isa = PBXBuildFile; fileRef = 30ACF6C820F742A100F66225 /* main.m */; };
		30ACF6E420F7443B00F66225 /* container.jpg in Resources */ = {isa = PBXBuildFile; fileRef = 30ACF6D120F7443A00F66225 /* container.jpg */; };
		30ACF6E520F7443B00F66225 /* Shader.vs in Resources */ = {isa = PBXBuildFile; fileRef = 30ACF6D220F7443A00F66225 /* Shader.vs */; };
		30ACF6E620F7443B00F66225 /* Shader.frag in Resources */ = {isa = PBXBuildFile; fileRef = 30ACF6D320F7443A00F66225 /* Shader.frag */; };
		30ACF6E720F7443B00F66225 /* OpenGLRenderer.m in Sources */ = {isa = PBXBuildFile; fileRef = 30ACF6D520F7443A00F66225 /* OpenGLRenderer.m */; };
		30ACF6E820F7443B00F66225 /* imageUtil.m in Sources */ = {isa = PBXBuildFile; fileRef = 30ACF6D820F7443B00F66225 /* imageUtil.m */; };
		30ACF6E920F7443B00F66225 /* sourceUtil.c in Sources */ = {isa = PBXBuildFile; fileRef = 30ACF6DA20F7443B00F66225 /* sourceUtil.c */; };
		30ACF6EA20F7443B00F66225 /* modelUtil.c in Sources */ = {isa = PBXBuildFile; fileRef = 30ACF6DC20F7443B00F66225 /* modelUtil.c */; };
		30ACF6EB20F7443B00F66225 /* vectorUtil.c in Sources */ = {isa = PBXBuildFile; fileRef = 30ACF6DF20F7443B00F66225 /* vectorUtil.c */; };
		30ACF6EC20F7443B00F66225 /* matrixUtil.c in Sources */ = {isa = PBXBuildFile; fileRef = 30ACF6E120F7443B00F66225 /* matrixUtil.c */; };
		30ACF6ED20F7443B00F66225 /* VideoGLView.m in Sources */ = {isa = PBXBuildFile; fileRef = 30ACF6E320F7443B00F66225 /* VideoGLView.m */; };
/* End PBXBuildFile section */

/* Begin PBXFileReference section */
		30ACF6B920F7429F00F66225 /* OpenGLRenderDemo.app */ = {isa = PBXFileReference; explicitFileType = wrapper.application; includeInIndex = 0; path = OpenGLRenderDemo.app; sourceTree = BUILT_PRODUCTS_DIR; };
		30ACF6BC20F7429F00F66225 /* AppDelegate.h */ = {isa = PBXFileReference; lastKnownFileType = sourcecode.c.h; path = AppDelegate.h; sourceTree = "<group>"; };
		30ACF6BD20F7429F00F66225 /* AppDelegate.m */ = {isa = PBXFileReference; lastKnownFileType = sourcecode.c.objc; path = AppDelegate.m; sourceTree = "<group>"; };
		30ACF6BF20F7429F00F66225 /* ViewController.h */ = {isa = PBXFileReference; lastKnownFileType = sourcecode.c.h; path = ViewController.h; sourceTree = "<group>"; };
		30ACF6C020F7429F00F66225 /* ViewController.m */ = {isa = PBXFileReference; lastKnownFileType = sourcecode.c.objc; path = ViewController.m; sourceTree = "<group>"; };
		30ACF6C220F742A100F66225 /* Assets.xcassets */ = {isa = PBXFileReference; lastKnownFileType = folder.assetcatalog; path = Assets.xcassets; sourceTree = "<group>"; };
		30ACF6C520F742A100F66225 /* Base */ = {isa = PBXFileReference; lastKnownFileType = file.storyboard; name = Base; path = Base.lproj/Main.storyboard; sourceTree = "<group>"; };
		30ACF6C720F742A100F66225 /* Info.plist */ = {isa = PBXFileReference; lastKnownFileType = text.plist.xml; path = Info.plist; sourceTree = "<group>"; };
		30ACF6C820F742A100F66225 /* main.m */ = {isa = PBXFileReference; lastKnownFileType = sourcecode.c.objc; path = main.m; sourceTree = "<group>"; };
		30ACF6CA20F742A100F66225 /* OpenGLRenderDemo.entitlements */ = {isa = PBXFileReference; lastKnownFileType = text.plist.entitlements; path = OpenGLRenderDemo.entitlements; sourceTree = "<group>"; };
		30ACF6D120F7443A00F66225 /* container.jpg */ = {isa = PBXFileReference; lastKnownFileType = image.jpeg; path = container.jpg; sourceTree = "<group>"; };
		30ACF6D220F7443A00F66225 /* Shader.vs */ = {isa = PBXFileReference; fileEncoding = 4; lastKnownFileType = sourcecode.glsl; path = Shader.vs; sourceTree = "<group>"; };
		30ACF6D320F7443A00F66225 /* Shader.frag */ = {isa = PBXFileReference; fileEncoding = 4; lastKnownFileType = sourcecode.glsl; path = Shader.frag; sourceTree = "<group>"; };
		30ACF6D420F7443A00F66225 /* VideoGLView.h */ = {isa = PBXFileReference; fileEncoding = 4; lastKnownFileType = sourcecode.c.h; path = VideoGLView.h; sourceTree = "<group>"; };
		30ACF6D520F7443A00F66225 /* OpenGLRenderer.m */ = {isa = PBXFileReference; fileEncoding = 4; lastKnownFileType = sourcecode.c.objc; path = OpenGLRenderer.m; sourceTree = "<group>"; };
		30ACF6D620F7443A00F66225 /* OpenGLRenderer.h */ = {isa = PBXFileReference; fileEncoding = 4; lastKnownFileType = sourcecode.c.h; path = OpenGLRenderer.h; sourceTree = "<group>"; };
		30ACF6D820F7443B00F66225 /* imageUtil.m */ = {isa = PBXFileReference; fileEncoding = 4; lastKnownFileType = sourcecode.c.objc; path = imageUtil.m; sourceTree = "<group>"; };
		30ACF6D920F7443B00F66225 /* glUtil.h */ = {isa = PBXFileReference; fileEncoding = 4; lastKnownFileType = sourcecode.c.h; path = glUtil.h; sourceTree = "<group>"; };
		30ACF6DA20F7443B00F66225 /* sourceUtil.c */ = {isa = PBXFileReference; fileEncoding = 4; lastKnownFileType = sourcecode.c.c; path = sourceUtil.c; sourceTree = "<group>"; };
		30ACF6DB20F7443B00F66225 /* vectorUtil.h */ = {isa = PBXFileReference; fileEncoding = 4; lastKnownFileType = sourcecode.c.h; path = vectorUtil.h; sourceTree = "<group>"; };
		30ACF6DC20F7443B00F66225 /* modelUtil.c */ = {isa = PBXFileReference; fileEncoding = 4; lastKnownFileType = sourcecode.c.c; path = modelUtil.c; sourceTree = "<group>"; };
		30ACF6DD20F7443B00F66225 /* matrixUtil.h */ = {isa = PBXFileReference; fileEncoding = 4; lastKnownFileType = sourcecode.c.h; path = matrixUtil.h; sourceTree = "<group>"; };
		30ACF6DE20F7443B00F66225 /* imageUtil.h */ = {isa = PBXFileReference; fileEncoding = 4; lastKnownFileType = sourcecode.c.h; path = imageUtil.h; sourceTree = "<group>"; };
		30ACF6DF20F7443B00F66225 /* vectorUtil.c */ = {isa = PBXFileReference; fileEncoding = 4; lastKnownFileType = sourcecode.c.c; path = vectorUtil.c; sourceTree = "<group>"; };
		30ACF6E020F7443B00F66225 /* sourceUtil.h */ = {isa = PBXFileReference; fileEncoding = 4; lastKnownFileType = sourcecode.c.h; path = sourceUtil.h; sourceTree = "<group>"; };
		30ACF6E120F7443B00F66225 /* matrixUtil.c */ = {isa = PBXFileReference; fileEncoding = 4; lastKnownFileType = sourcecode.c.c; path = matrixUtil.c; sourceTree = "<group>"; };
		30ACF6E220F7443B00F66225 /* modelUtil.h */ = {isa = PBXFileReference; fileEncoding = 4; lastKnownFileType = sourcecode.c.h; path = modelUtil.h; sourceTree = "<group>"; };
		30ACF6E320F7443B00F66225 /* VideoGLView.m */ = {isa = PBXFileReference; fileEncoding = 4; lastKnownFileType = sourcecode.c.objc; path = VideoGLView.m; sourceTree = "<group>"; };
/* End PBXFileReference section */

/* Begin PBXFrameworksBuildPhase section */
		30ACF6B620F7429F00F66225 /* Frameworks */ = {
			isa = PBXFrameworksBuildPhase;
			buildActionMask = 2147483647;
			files = (
			);
			runOnlyForDeploymentPostprocessing = 0;
		};
/* End PBXFrameworksBuildPhase section */

/* Begin PBXGroup section */
		30ACF6B020F7429F00F66225 = {
			isa = PBXGroup;
			children = (
				30ACF6BB20F7429F00F66225 /* OpenGLRenderDemo */,
				30ACF6BA20F7429F00F66225 /* Products */,
			);
			sourceTree = "<group>";
		};
		30ACF6BA20F7429F00F66225 /* Products */ = {
			isa = PBXGroup;
			children = (
				30ACF6B920F7429F00F66225 /* OpenGLRenderDemo.app */,
			);
			name = Products;
			sourceTree = "<group>";
		};
		30ACF6BB20F7429F00F66225 /* OpenGLRenderDemo */ = {
			isa = PBXGroup;
			children = (
				30ACF6D620F7443A00F66225 /* OpenGLRenderer.h */,
				30ACF6D520F7443A00F66225 /* OpenGLRenderer.m */,
				30ACF6D020F7443A00F66225 /* Shaders */,
				30ACF6D720F7443B00F66225 /* Utility */,
				30ACF6D420F7443A00F66225 /* VideoGLView.h */,
				30ACF6E320F7443B00F66225 /* VideoGLView.m */,
				30ACF6BC20F7429F00F66225 /* AppDelegate.h */,
				30ACF6BD20F7429F00F66225 /* AppDelegate.m */,
				30ACF6BF20F7429F00F66225 /* ViewController.h */,
				30ACF6C020F7429F00F66225 /* ViewController.m */,
				30ACF6C220F742A100F66225 /* Assets.xcassets */,
				30ACF6C420F742A100F66225 /* Main.storyboard */,
				30ACF6C720F742A100F66225 /* Info.plist */,
				30ACF6C820F742A100F66225 /* main.m */,
				30ACF6CA20F742A100F66225 /* OpenGLRenderDemo.entitlements */,
			);
			path = OpenGLRenderDemo;
			sourceTree = "<group>";
		};
		30ACF6D020F7443A00F66225 /* Shaders */ = {
			isa = PBXGroup;
			children = (
				30ACF6D120F7443A00F66225 /* container.jpg */,
				30ACF6D220F7443A00F66225 /* Shader.vs */,
				30ACF6D320F7443A00F66225 /* Shader.frag */,
			);
			path = Shaders;
			sourceTree = "<group>";
		};
		30ACF6D720F7443B00F66225 /* Utility */ = {
			isa = PBXGroup;
			children = (
				30ACF6D820F7443B00F66225 /* imageUtil.m */,
				30ACF6D920F7443B00F66225 /* glUtil.h */,
				30ACF6DA20F7443B00F66225 /* sourceUtil.c */,
				30ACF6DB20F7443B00F66225 /* vectorUtil.h */,
				30ACF6DC20F7443B00F66225 /* modelUtil.c */,
				30ACF6DD20F7443B00F66225 /* matrixUtil.h */,
				30ACF6DE20F7443B00F66225 /* imageUtil.h */,
				30ACF6DF20F7443B00F66225 /* vectorUtil.c */,
				30ACF6E020F7443B00F66225 /* sourceUtil.h */,
				30ACF6E120F7443B00F66225 /* matrixUtil.c */,
				30ACF6E220F7443B00F66225 /* modelUtil.h */,
			);
			path = Utility;
			sourceTree = "<group>";
		};
/* End PBXGroup section */

/* Begin PBXNativeTarget section */
		30ACF6B820F7429F00F66225 /* OpenGLRenderDemo */ = {
			isa = PBXNativeTarget;
			buildConfigurationList = 30ACF6CD20F742A100F66225 /* Build configuration list for PBXNativeTarget "OpenGLRenderDemo" */;
			buildPhases = (
				30ACF6B520F7429F00F66225 /* Sources */,
				30ACF6B620F7429F00F66225 /* Frameworks */,
				30ACF6B720F7429F00F66225 /* Resources */,
			);
			buildRules = (
			);
			dependencies = (
			);
			name = OpenGLRenderDemo;
			productName = OpenGLRenderDemo;
			productReference = 30ACF6B920F7429F00F66225 /* OpenGLRenderDemo.app */;
			productType = "com.apple.product-type.application";
		};
/* End PBXNativeTarget section */

/* Begin PBXProject section */
		30ACF6B120F7429F00F66225 /* Project object */ = {
			isa = PBXProject;
			attributes = {
				LastUpgradeCheck = 0940;
				ORGANIZATIONNAME = Hays;
				TargetAttributes = {
					30ACF6B820F7429F00F66225 = {
						CreatedOnToolsVersion = 9.4.1;
					};
				};
			};
			buildConfigurationList = 30ACF6B420F7429F00F66225 /* Build configuration list for PBXProject "OpenGLRenderDemo" */;
			compatibilityVersion = "Xcode 9.3";
			developmentRegion = en;
			hasScannedForEncodings = 0;
			knownRegions = (
				en,
				Base,
			);
			mainGroup = 30ACF6B020F7429F00F66225;
			productRefGroup = 30ACF6BA20F7429F00F66225 /* Products */;
			projectDirPath = "";
			projectRoot = "";
			targets = (
				30ACF6B820F7429F00F66225 /* OpenGLRenderDemo */,
			);
		};
/* End PBXProject section */

/* Begin PBXResourcesBuildPhase section */
		30ACF6B720F7429F00F66225 /* Resources */ = {
			isa = PBXResourcesBuildPhase;
			buildActionMask = 2147483647;
			files = (
				30ACF6C320F742A100F66225 /* Assets.xcassets in Resources */,
				30ACF6E420F7443B00F66225 /* container.jpg in Resources */,
				30ACF6C620F742A100F66225 /* Main.storyboard in Resources */,
				30ACF6E620F7443B00F66225 /* Shader.frag in Resources */,
				30ACF6E520F7443B00F66225 /* Shader.vs in Resources */,
			);
			runOnlyForDeploymentPostprocessing = 0;
		};
/* End PBXResourcesBuildPhase section */

/* Begin PBXSourcesBuildPhase section */
		30ACF6B520F7429F00F66225 /* Sources */ = {
			isa = PBXSourcesBuildPhase;
			buildActionMask = 2147483647;
			files = (
				30ACF6C120F7429F00F66225 /* ViewController.m in Sources */,
				30ACF6ED20F7443B00F66225 /* VideoGLView.m in Sources */,
				30ACF6EA20F7443B00F66225 /* modelUtil.c in Sources */,
				30ACF6C920F742A100F66225 /* main.m in Sources */,
				30ACF6BE20F7429F00F66225 /* AppDelegate.m in Sources */,
				30ACF6EC20F7443B00F66225 /* matrixUtil.c in Sources */,
				30ACF6E720F7443B00F66225 /* OpenGLRenderer.m in Sources */,
				30ACF6E920F7443B00F66225 /* sourceUtil.c in Sources */,
				30ACF6EB20F7443B00F66225 /* vectorUtil.c in Sources */,
				30ACF6E820F7443B00F66225 /* imageUtil.m in Sources */,
			);
			runOnlyForDeploymentPostprocessing = 0;
		};
/* End PBXSourcesBuildPhase section */

/* Begin PBXVariantGroup section */
		30ACF6C420F742A100F66225 /* Main.storyboard */ = {
			isa = PBXVariantGroup;
			children = (
				30ACF6C520F742A100F66225 /* Base */,
			);
			name = Main.storyboard;
			sourceTree = "<group>";
		};
/* End PBXVariantGroup section */

/* Begin XCBuildConfiguration section */
		30ACF6CB20F742A100F66225 /* Debug */ = {
			isa = XCBuildConfiguration;
			buildSettings = {
				ALWAYS_SEARCH_USER_PATHS = NO;
				CLANG_ANALYZER_NONNULL = YES;
				CLANG_ANALYZER_NUMBER_OBJECT_CONVERSION = YES_AGGRESSIVE;
				CLANG_CXX_LANGUAGE_STANDARD = "gnu++14";
				CLANG_CXX_LIBRARY = "libc++";
				CLANG_ENABLE_MODULES = YES;
				CLANG_ENABLE_OBJC_ARC = YES;
				CLANG_ENABLE_OBJC_WEAK = YES;
				CLANG_WARN_BLOCK_CAPTURE_AUTORELEASING = YES;
				CLANG_WARN_BOOL_CONVERSION = YES;
				CLANG_WARN_COMMA = YES;
				CLANG_WARN_CONSTANT_CONVERSION = YES;
				CLANG_WARN_DEPRECATED_OBJC_IMPLEMENTATIONS = YES;
				CLANG_WARN_DIRECT_OBJC_ISA_USAGE = YES_ERROR;
				CLANG_WARN_DOCUMENTATION_COMMENTS = YES;
				CLANG_WARN_EMPTY_BODY = YES;
				CLANG_WARN_ENUM_CONVERSION = YES;
				CLANG_WARN_INFINITE_RECURSION = YES;
				CLANG_WARN_INT_CONVERSION = YES;
				CLANG_WARN_NON_LITERAL_NULL_CONVERSION = YES;
				CLANG_WARN_OBJC_IMPLICIT_RETAIN_SELF = YES;
				CLANG_WARN_OBJC_LITERAL_CONVERSION = YES;
				CLANG_WARN_OBJC_ROOT_CLASS = YES_ERROR;
				CLANG_WARN_RANGE_LOOP_ANALYSIS = YES;
				CLANG_WARN_STRICT_PROTOTYPES = YES;
				CLANG_WARN_SUSPICIOUS_MOVE = YES;
				CLANG_WARN_UNGUARDED_AVAILABILITY = YES_AGGRESSIVE;
				CLANG_WARN_UNREACHABLE_CODE = YES;
				CLANG_WARN__DUPLICATE_METHOD_MATCH = YES;
				CODE_SIGN_IDENTITY = "-";
				COPY_PHASE_STRIP = NO;
				DEBUG_INFORMATION_FORMAT = dwarf;
				ENABLE_STRICT_OBJC_MSGSEND = YES;
				ENABLE_TESTABILITY = YES;
				GCC_C_LANGUAGE_STANDARD = gnu11;
				GCC_DYNAMIC_NO_PIC = NO;
				GCC_NO_COMMON_BLOCKS = YES;
				GCC_OPTIMIZATION_LEVEL = 0;
				GCC_PREPROCESSOR_DEFINITIONS = (
					"DEBUG=1",
					"$(inherited)",
				);
				GCC_WARN_64_TO_32_BIT_CONVERSION = YES;
				GCC_WARN_ABOUT_RETURN_TYPE = YES_ERROR;
				GCC_WARN_UNDECLARED_SELECTOR = YES;
				GCC_WARN_UNINITIALIZED_AUTOS = YES_AGGRESSIVE;
				GCC_WARN_UNUSED_FUNCTION = YES;
				GCC_WARN_UNUSED_VARIABLE = YES;
				MACOSX_DEPLOYMENT_TARGET = 10.13;
				MTL_ENABLE_DEBUG_INFO = YES;
				ONLY_ACTIVE_ARCH = YES;
				SDKROOT = macosx;
			};
			name = Debug;
		};
		30ACF6CC20F742A100F66225 /* Release */ = {
			isa = XCBuildConfiguration;
			buildSettings = {
				ALWAYS_SEARCH_USER_PATHS = NO;
				CLANG_ANALYZER_NONNULL = YES;
				CLANG_ANALYZER_NUMBER_OBJECT_CONVERSION = YES_AGGRESSIVE;
				CLANG_CXX_LANGUAGE_STANDARD = "gnu++14";
				CLANG_CXX_LIBRARY = "libc++";
				CLANG_ENABLE_MODULES = YES;
				CLANG_ENABLE_OBJC_ARC = YES;
				CLANG_ENABLE_OBJC_WEAK = YES;
				CLANG_WARN_BLOCK_CAPTURE_AUTORELEASING = YES;
				CLANG_WARN_BOOL_CONVERSION = YES;
				CLANG_WARN_COMMA = YES;
				CLANG_WARN_CONSTANT_CONVERSION = YES;
				CLANG_WARN_DEPRECATED_OBJC_IMPLEMENTATIONS = YES;
				CLANG_WARN_DIRECT_OBJC_ISA_USAGE = YES_ERROR;
				CLANG_WARN_DOCUMENTATION_COMMENTS = YES;
				CLANG_WARN_EMPTY_BODY = YES;
				CLANG_WARN_ENUM_CONVERSION = YES;
				CLANG_WARN_INFINITE_RECURSION = YES;
				CLANG_WARN_INT_CONVERSION = YES;
				CLANG_WARN_NON_LITERAL_NULL_CONVERSION = YES;
				CLANG_WARN_OBJC_IMPLICIT_RETAIN_SELF = YES;
				CLANG_WARN_OBJC_LITERAL_CONVERSION = YES;
				CLANG_WARN_OBJC_ROOT_CLASS = YES_ERROR;
				CLANG_WARN_RANGE_LOOP_ANALYSIS = YES;
				CLANG_WARN_STRICT_PROTOTYPES = YES;
				CLANG_WARN_SUSPICIOUS_MOVE = YES;
				CLANG_WARN_UNGUARDED_AVAILABILITY = YES_AGGRESSIVE;
				CLANG_WARN_UNREACHABLE_CODE = YES;
				CLANG_WARN__DUPLICATE_METHOD_MATCH = YES;
				CODE_SIGN_IDENTITY = "-";
				COPY_PHASE_STRIP = NO;
				DEBUG_INFORMATION_FORMAT = "dwarf-with-dsym";
				ENABLE_NS_ASSERTIONS = NO;
				ENABLE_STRICT_OBJC_MSGSEND = YES;
				GCC_C_LANGUAGE_STANDARD = gnu11;
				GCC_NO_COMMON_BLOCKS = YES;
				GCC_WARN_64_TO_32_BIT_CONVERSION = YES;
				GCC_WARN_ABOUT_RETURN_TYPE = YES_ERROR;
				GCC_WARN_UNDECLARED_SELECTOR = YES;
				GCC_WARN_UNINITIALIZED_AUTOS = YES_AGGRESSIVE;
				GCC_WARN_UNUSED_FUNCTION = YES;
				GCC_WARN_UNUSED_VARIABLE = YES;
				MACOSX_DEPLOYMENT_TARGET = 10.13;
				MTL_ENABLE_DEBUG_INFO = NO;
				SDKROOT = macosx;
			};
			name = Release;
		};
		30ACF6CE20F742A100F66225 /* Debug */ = {
			isa = XCBuildConfiguration;
			buildSettings = {
				ASSETCATALOG_COMPILER_APPICON_NAME = AppIcon;
				CODE_SIGN_STYLE = Automatic;
				COMBINE_HIDPI_IMAGES = YES;
				INFOPLIST_FILE = OpenGLRenderDemo/Info.plist;
				LD_RUNPATH_SEARCH_PATHS = (
					"$(inherited)",
					"@executable_path/../Frameworks",
				);
				PRODUCT_BUNDLE_IDENTIFIER = com.hays.OpenGLRenderDemo;
				PRODUCT_NAME = "$(TARGET_NAME)";
			};
			name = Debug;
		};
		30ACF6CF20F742A100F66225 /* Release */ = {
			isa = XCBuildConfiguration;
			buildSettings = {
				ASSETCATALOG_COMPILER_APPICON_NAME = AppIcon;
				CODE_SIGN_STYLE = Automatic;
				COMBINE_HIDPI_IMAGES = YES;
				INFOPLIST_FILE = OpenGLRenderDemo/Info.plist;
				LD_RUNPATH_SEARCH_PATHS = (
					"$(inherited)",
					"@executable_path/../Frameworks",
				);
				PRODUCT_BUNDLE_IDENTIFIER = com.hays.OpenGLRenderDemo;
				PRODUCT_NAME = "$(TARGET_NAME)";
			};
			name = Release;
		};
/* End XCBuildConfiguration section */

/* Begin XCConfigurationList section */
		30ACF6B420F7429F00F66225 /* Build configuration list for PBXProject "OpenGLRenderDemo" */ = {
			isa = XCConfigurationList;
			buildConfigurations = (
				30ACF6CB20F742A100F66225 /* Debug */,
				30ACF6CC20F742A100F66225 /* Release */,
			);
			defaultConfigurationIsVisible = 0;
			defaultConfigurationName = Release;
		};
		30ACF6CD20F742A100F66225 /* Build configuration list for PBXNativeTarget "OpenGLRenderDemo" */ = {
			isa = XCConfigurationList;
			buildConfigurations = (
				30ACF6CE20F742A100F66225 /* Debug */,
				30ACF6CF20F742A100F66225 /* Release */,
			);
			defaultConfigurationIsVisible = 0;
			defaultConfigurationName = Release;
		};
/* End XCConfigurationList section */
	};
	rootObject = 30ACF6B120F7429F00F66225 /* Project object */;
}
